Microsoft Visual Studio Solution File, Format Version 12.00
# Visual Studio Version 17
VisualStudioVersion = 17.5.2.0
MinimumVisualStudioVersion = 10.0.40219.1
Project("{FAE04EC0-301F-11D3-BF4B-00C04F79EFBC}") = "dz10", "dz10.csproj", "{C0A7F6A3-AA45-42A8-9649-2A57A1330CD8}"
EndProject
Global
	GlobalSection(SolutionConfigurationPlatforms) = preSolution
		Debug|Any CPU = Debug|Any CPU
		Release|Any CPU = Release|Any CPU
	EndGlobalSection
	GlobalSection(ProjectConfigurationPlatforms) = postSolution
		{C0A7F6A3-AA45-42A8-9649-2A57A1330CD8}.Debug|Any CPU.ActiveCfg = Debug|Any CPU
		{C0A7F6A3-AA45-42A8-9649-2A57A1330CD8}.Debug|Any CPU.Build.0 = Debug|Any CPU
		{C0A7F6A3-AA45-42A8-9649-2A57A1330CD8}.Release|Any CPU.ActiveCfg = Release|Any CPU
		{C0A7F6A3-AA45-42A8-9649-2A57A1330CD8}.Release|Any CPU.Build.0 = Release|Any CPU
	EndGlobalSection
	GlobalSection(SolutionProperties) = preSolution
		HideSolutionNode = FALSE
	EndGlobalSection
	GlobalSection(ExtensibilityGlobals) = postSolution
		SolutionGuid = {2C954D9F-CF67-4618-B3B2-321D1EB00FFA}
	EndGlobalSection
EndGlobal
